PODS:
  - SwiftGpx (1.0.0):
    - XmlJson (~> 0.1.3)
  - XmlJson (0.1.3)

DEPENDENCIES:
  - SwiftGpx (from `../`)

SPEC REPOS:
  trunk:
    - XmlJson

EXTERNAL SOURCES:
  SwiftGpx:
    :path: "../"

SPEC CHECKSUMS:
  SwiftGpx: 993538d2b0c102d3794edb77c37c56a55ef3d788
  XmlJson: f34ef509863e08e3f17e83d7b7f5d3dc34f7909b

PODFILE CHECKSUM: c047e30b675bd8c7ea49416c3cd83ecd885bdb8b

COCOAPODS: 1.11.0.beta.2
