PODS:
  - SwiftGpx (1.0.1):
    - XmlJson (~> 1.0.1)
  - XmlJson (1.0.1)

DEPENDENCIES:
  - SwiftGpx (from `../`)

SPEC REPOS:
  trunk:
    - XmlJson

EXTERNAL SOURCES:
  SwiftGpx:
    :path: "../"

SPEC CHECKSUMS:
  SwiftGpx: bfa00fa66525dd0ca81f9a845ffb589b39bd47ac
  XmlJson: 7d82bd5a1fc2a3ba87da49ecff55d285039eabee

PODFILE CHECKSUM: c047e30b675bd8c7ea49416c3cd83ecd885bdb8b

COCOAPODS: 1.11.0.beta.2
